
Microsoft Visual Studio Solution File, Format Version 12.00
# Visual Studio 15
VisualStudioVersion = 15.0.28307.168
MinimumVisualStudioVersion = 10.0.40219.1
Project("{FAE04EC0-301F-11D3-BF4B-00C04F79EFBC}") = "DataTemplateSelector.Android", "DataTemplateSelector\DataTemplateSelector.Android\DataTemplateSelector.Android.csproj", "{9D0494BF-0A16-4546-963C-A4A01D11C943}"
EndProject
Project("{FAE04EC0-301F-11D3-BF4B-00C04F79EFBC}") = "DataTemplateSelector.iOS", "DataTemplateSelector\DataTemplateSelector.iOS\DataTemplateSelector.iOS.csproj", "{F1D8CC3D-03C7-4780-B6AD-DD4642240F9F}"
EndProject
Project("{FAE04EC0-301F-11D3-BF4B-00C04F79EFBC}") = "DataTemplateSelector.UWP", "DataTemplateSelector\DataTemplateSelector.UWP\DataTemplateSelector.UWP.csproj", "{1BE9037C-572B-4E77-8EE9-2A7B30C8C47A}"
EndProject
Project("{FAE04EC0-301F-11D3-BF4B-00C04F79EFBC}") = "DataTemplateSelector", "DataTemplateSelector\DataTemplateSelector\DataTemplateSelector.csproj", "{C22108BE-45B3-49C3-BABA-7B10F914E75A}"
EndProject
Global
	GlobalSection(SolutionConfigurationPlatforms) = preSolution
		Ad-Hoc|Any CPU = Ad-Hoc|Any CPU
		Ad-Hoc|ARM = Ad-Hoc|ARM
		Ad-Hoc|iPhone = Ad-Hoc|iPhone
		Ad-Hoc|iPhoneSimulator = Ad-Hoc|iPhoneSimulator
		Ad-Hoc|x64 = Ad-Hoc|x64
		Ad-Hoc|x86 = Ad-Hoc|x86
		AppStore|Any CPU = AppStore|Any CPU
		AppStore|ARM = AppStore|ARM
		AppStore|iPhone = AppStore|iPhone
		AppStore|iPhoneSimulator = AppStore|iPhoneSimulator
		AppStore|x64 = AppStore|x64
		AppStore|x86 = AppStore|x86
		Debug|Any CPU = Debug|Any CPU
		Debug|ARM = Debug|ARM
		Debug|iPhone = Debug|iPhone
		Debug|iPhoneSimulator = Debug|iPhoneSimulator
		Debug|x64 = Debug|x64
		Debug|x86 = Debug|x86
		Release|Any CPU = Release|Any CPU
		Release|ARM = Release|ARM
		Release|iPhone = Release|iPhone
		Release|iPhoneSimulator = Release|iPhoneSimulator
		Release|x64 = Release|x64
		Release|x86 = Release|x86
	EndGlobalSection
	GlobalSection(ProjectConfigurationPlatforms) = postSolution
		{9D0494BF-0A16-4546-963C-A4A01D11C943}.Ad-Hoc|Any CPU.ActiveCfg = Release|Any CPU
		{9D0494BF-0A16-4546-963C-A4A01D11C943}.Ad-Hoc|Any CPU.Build.0 = Release|Any CPU
		{9D0494BF-0A16-4546-963C-A4A01D11C943}.Ad-Hoc|Any CPU.Deploy.0 = Release|Any CPU
		{9D0494BF-0A16-4546-963C-A4A01D11C943}.Ad-Hoc|ARM.ActiveCfg = Release|Any CPU
		{9D0494BF-0A16-4546-963C-A4A01D11C943}.Ad-Hoc|ARM.Build.0 = Release|Any CPU
		{9D0494BF-0A16-4546-963C-A4A01D11C943}.Ad-Hoc|ARM.Deploy.0 = Release|Any CPU
		{9D0494BF-0A16-4546-963C-A4A01D11C943}.Ad-Hoc|iPhone.ActiveCfg = Release|Any CPU
		{9D0494BF-0A16-4546-963C-A4A01D11C943}.Ad-Hoc|iPhone.Build.0 = Release|Any CPU
		{9D0494BF-0A16-4546-963C-A4A01D11C943}.Ad-Hoc|iPhone.Deploy.0 = Release|Any CPU
		{9D0494BF-0A16-4546-963C-A4A01D11C943}.Ad-Hoc|iPhoneSimulator.ActiveCfg = Release|Any CPU
		{9D0494BF-0A16-4546-963C-A4A01D11C943}.Ad-Hoc|iPhoneSimulator.Build.0 = Release|Any CPU
		{9D0494BF-0A16-4546-963C-A4A01D11C943}.Ad-Hoc|iPhoneSimulator.Deploy.0 = Release|Any CPU
		{9D0494BF-0A16-4546-963C-A4A01D11C943}.Ad-Hoc|x64.ActiveCfg = Release|Any CPU
		{9D0494BF-0A16-4546-963C-A4A01D11C943}.Ad-Hoc|x64.Build.0 = Release|Any CPU
		{9D0494BF-0A16-4546-963C-A4A01D11C943}.Ad-Hoc|x64.Deploy.0 = Release|Any CPU
		{9D0494BF-0A16-4546-963C-A4A01D11C943}.Ad-Hoc|x86.ActiveCfg = Release|Any CPU
		{9D0494BF-0A16-4546-963C-A4A01D11C943}.Ad-Hoc|x86.Build.0 = Release|Any CPU
		{9D0494BF-0A16-4546-963C-A4A01D11C943}.Ad-Hoc|x86.Deploy.0 = Release|Any CPU
		{9D0494BF-0A16-4546-963C-A4A01D11C943}.AppStore|Any CPU.ActiveCfg = Release|Any CPU
		{9D0494BF-0A16-4546-963C-A4A01D11C943}.AppStore|Any CPU.Build.0 = Release|Any CPU
		{9D0494BF-0A16-4546-963C-A4A01D11C943}.AppStore|Any CPU.Deploy.0 = Release|Any CPU
		{9D0494BF-0A16-4546-963C-A4A01D11C943}.AppStore|ARM.ActiveCfg = Release|Any CPU
		{9D0494BF-0A16-4546-963C-A4A01D11C943}.AppStore|ARM.Build.0 = Release|Any CPU
		{9D0494BF-0A16-4546-963C-A4A01D11C943}.AppStore|ARM.Deploy.0 = Release|Any CPU
		{9D0494BF-0A16-4546-963C-A4A01D11C943}.AppStore|iPhone.ActiveCfg = Release|Any CPU
		{9D0494BF-0A16-4546-963C-A4A01D11C943}.AppStore|iPhone.Build.0 = Release|Any CPU
		{9D0494BF-0A16-4546-963C-A4A01D11C943}.AppStore|iPhone.Deploy.0 = Release|Any CPU
		{9D0494BF-0A16-4546-963C-A4A01D11C943}.AppStore|iPhoneSimulator.ActiveCfg = Release|Any CPU
		{9D0494BF-0A16-4546-963C-A4A01D11C943}.AppStore|iPhoneSimulator.Build.0 = Release|Any CPU
		{9D0494BF-0A16-4546-963C-A4A01D11C943}.AppStore|iPhoneSimulator.Deploy.0 = Release|Any CPU
		{9D0494BF-0A16-4546-963C-A4A01D11C943}.AppStore|x64.ActiveCfg = Release|Any CPU
		{9D0494BF-0A16-4546-963C-A4A01D11C943}.AppStore|x64.Build.0 = Release|Any CPU
		{9D0494BF-0A16-4546-963C-A4A01D11C943}.AppStore|x64.Deploy.0 = Release|Any CPU
		{9D0494BF-0A16-4546-963C-A4A01D11C943}.AppStore|x86.ActiveCfg = Release|Any CPU
		{9D0494BF-0A16-4546-963C-A4A01D11C943}.AppStore|x86.Build.0 = Release|Any CPU
		{9D0494BF-0A16-4546-963C-A4A01D11C943}.AppStore|x86.Deploy.0 = Release|Any CPU
		{9D0494BF-0A16-4546-963C-A4A01D11C943}.Debug|Any CPU.ActiveCfg = Debug|Any CPU
		{9D0494BF-0A16-4546-963C-A4A01D11C943}.Debug|Any CPU.Build.0 = Debug|Any CPU
		{9D0494BF-0A16-4546-963C-A4A01D11C943}.Debug|Any CPU.Deploy.0 = Debug|Any CPU
		{9D0494BF-0A16-4546-963C-A4A01D11C943}.Debug|ARM.ActiveCfg = Debug|Any CPU
		{9D0494BF-0A16-4546-963C-A4A01D11C943}.Debug|ARM.Build.0 = Debug|Any CPU
		{9D0494BF-0A16-4546-963C-A4A01D11C943}.Debug|ARM.Deploy.0 = Debug|Any CPU
		{9D0494BF-0A16-4546-963C-A4A01D11C943}.Debug|iPhone.ActiveCfg = Debug|Any CPU
		{9D0494BF-0A16-4546-963C-A4A01D11C943}.Debug|iPhone.Build.0 = Debug|Any CPU
		{9D0494BF-0A16-4546-963C-A4A01D11C943}.Debug|iPhone.Deploy.0 = Debug|Any CPU
		{9D0494BF-0A16-4546-963C-A4A01D11C943}.Debug|iPhoneSimulator.ActiveCfg = Debug|Any CPU
		{9D0494BF-0A16-4546-963C-A4A01D11C943}.Debug|iPhoneSimulator.Build.0 = Debug|Any CPU
		{9D0494BF-0A16-4546-963C-A4A01D11C943}.Debug|iPhoneSimulator.Deploy.0 = Debug|Any CPU
		{9D0494BF-0A16-4546-963C-A4A01D11C943}.Debug|x64.ActiveCfg = Debug|Any CPU
		{9D0494BF-0A16-4546-963C-A4A01D11C943}.Debug|x64.Build.0 = Debug|Any CPU
		{9D0494BF-0A16-4546-963C-A4A01D11C943}.Debug|x64.Deploy.0 = Debug|Any CPU
		{9D0494BF-0A16-4546-963C-A4A01D11C943}.Debug|x86.ActiveCfg = Debug|Any CPU
		{9D0494BF-0A16-4546-963C-A4A01D11C943}.Debug|x86.Build.0 = Debug|Any CPU
		{9D0494BF-0A16-4546-963C-A4A01D11C943}.Debug|x86.Deploy.0 = Debug|Any CPU
		{9D0494BF-0A16-4546-963C-A4A01D11C943}.Release|Any CPU.ActiveCfg = Release|Any CPU
		{9D0494BF-0A16-4546-963C-A4A01D11C943}.Release|Any CPU.Build.0 = Release|Any CPU
		{9D0494BF-0A16-4546-963C-A4A01D11C943}.Release|Any CPU.Deploy.0 = Release|Any CPU
		{9D0494BF-0A16-4546-963C-A4A01D11C943}.Release|ARM.ActiveCfg = Release|Any CPU
		{9D0494BF-0A16-4546-963C-A4A01D11C943}.Release|ARM.Build.0 = Release|Any CPU
		{9D0494BF-0A16-4546-963C-A4A01D11C943}.Release|ARM.Deploy.0 = Release|Any CPU
		{9D0494BF-0A16-4546-963C-A4A01D11C943}.Release|iPhone.ActiveCfg = Release|Any CPU
		{9D0494BF-0A16-4546-963C-A4A01D11C943}.Release|iPhone.Build.0 = Release|Any CPU
		{9D0494BF-0A16-4546-963C-A4A01D11C943}.Release|iPhone.Deploy.0 = Release|Any CPU
		{9D0494BF-0A16-4546-963C-A4A01D11C943}.Release|iPhoneSimulator.ActiveCfg = Release|Any CPU
		{9D0494BF-0A16-4546-963C-A4A01D11C943}.Release|iPhoneSimulator.Build.0 = Release|Any CPU
		{9D0494BF-0A16-4546-963C-A4A01D11C943}.Release|iPhoneSimulator.Deploy.0 = Release|Any CPU
		{9D0494BF-0A16-4546-963C-A4A01D11C943}.Release|x64.ActiveCfg = Release|Any CPU
		{9D0494BF-0A16-4546-963C-A4A01D11C943}.Release|x64.Build.0 = Release|Any CPU
		{9D0494BF-0A16-4546-963C-A4A01D11C943}.Release|x64.Deploy.0 = Release|Any CPU
		{9D0494BF-0A16-4546-963C-A4A01D11C943}.Release|x86.ActiveCfg = Release|Any CPU
		{9D0494BF-0A16-4546-963C-A4A01D11C943}.Release|x86.Build.0 = Release|Any CPU
		{9D0494BF-0A16-4546-963C-A4A01D11C943}.Release|x86.Deploy.0 = Release|Any CPU
		{F1D8CC3D-03C7-4780-B6AD-DD4642240F9F}.Ad-Hoc|Any CPU.ActiveCfg = Ad-Hoc|iPhone
		{F1D8CC3D-03C7-4780-B6AD-DD4642240F9F}.Ad-Hoc|Any CPU.Build.0 = Ad-Hoc|iPhone
		{F1D8CC3D-03C7-4780-B6AD-DD4642240F9F}.Ad-Hoc|Any CPU.Deploy.0 = Ad-Hoc|iPhone
		{F1D8CC3D-03C7-4780-B6AD-DD4642240F9F}.Ad-Hoc|ARM.ActiveCfg = Ad-Hoc|iPhone
		{F1D8CC3D-03C7-4780-B6AD-DD4642240F9F}.Ad-Hoc|ARM.Build.0 = Ad-Hoc|iPhone
		{F1D8CC3D-03C7-4780-B6AD-DD4642240F9F}.Ad-Hoc|ARM.Deploy.0 = Ad-Hoc|iPhone
		{F1D8CC3D-03C7-4780-B6AD-DD4642240F9F}.Ad-Hoc|iPhone.ActiveCfg = Ad-Hoc|iPhone
		{F1D8CC3D-03C7-4780-B6AD-DD4642240F9F}.Ad-Hoc|iPhone.Build.0 = Ad-Hoc|iPhone
		{F1D8CC3D-03C7-4780-B6AD-DD4642240F9F}.Ad-Hoc|iPhone.Deploy.0 = Ad-Hoc|iPhone
		{F1D8CC3D-03C7-4780-B6AD-DD4642240F9F}.Ad-Hoc|iPhoneSimulator.ActiveCfg = Ad-Hoc|iPhoneSimulator
		{F1D8CC3D-03C7-4780-B6AD-DD4642240F9F}.Ad-Hoc|iPhoneSimulator.Build.0 = Ad-Hoc|iPhoneSimulator
		{F1D8CC3D-03C7-4780-B6AD-DD4642240F9F}.Ad-Hoc|iPhoneSimulator.Deploy.0 = Ad-Hoc|iPhoneSimulator
		{F1D8CC3D-03C7-4780-B6AD-DD4642240F9F}.Ad-Hoc|x64.ActiveCfg = Ad-Hoc|iPhone
		{F1D8CC3D-03C7-4780-B6AD-DD4642240F9F}.Ad-Hoc|x64.Build.0 = Ad-Hoc|iPhone
		{F1D8CC3D-03C7-4780-B6AD-DD4642240F9F}.Ad-Hoc|x64.Deploy.0 = Ad-Hoc|iPhone
		{F1D8CC3D-03C7-4780-B6AD-DD4642240F9F}.Ad-Hoc|x86.ActiveCfg = Ad-Hoc|iPhone
		{F1D8CC3D-03C7-4780-B6AD-DD4642240F9F}.Ad-Hoc|x86.Build.0 = Ad-Hoc|iPhone
		{F1D8CC3D-03C7-4780-B6AD-DD4642240F9F}.Ad-Hoc|x86.Deploy.0 = Ad-Hoc|iPhone
		{F1D8CC3D-03C7-4780-B6AD-DD4642240F9F}.AppStore|Any CPU.ActiveCfg = AppStore|iPhone
		{F1D8CC3D-03C7-4780-B6AD-DD4642240F9F}.AppStore|Any CPU.Build.0 = AppStore|iPhone
		{F1D8CC3D-03C7-4780-B6AD-DD4642240F9F}.AppStore|Any CPU.Deploy.0 = AppStore|iPhone
		{F1D8CC3D-03C7-4780-B6AD-DD4642240F9F}.AppStore|ARM.ActiveCfg = AppStore|iPhone
		{F1D8CC3D-03C7-4780-B6AD-DD4642240F9F}.AppStore|ARM.Build.0 = AppStore|iPhone
		{F1D8CC3D-03C7-4780-B6AD-DD4642240F9F}.AppStore|ARM.Deploy.0 = AppStore|iPhone
		{F1D8CC3D-03C7-4780-B6AD-DD4642240F9F}.AppStore|iPhone.ActiveCfg = AppStore|iPhone
		{F1D8CC3D-03C7-4780-B6AD-DD4642240F9F}.AppStore|iPhone.Build.0 = AppStore|iPhone
		{F1D8CC3D-03C7-4780-B6AD-DD4642240F9F}.AppStore|iPhone.Deploy.0 = AppStore|iPhone
		{F1D8CC3D-03C7-4780-B6AD-DD4642240F9F}.AppStore|iPhoneSimulator.ActiveCfg = AppStore|iPhoneSimulator
		{F1D8CC3D-03C7-4780-B6AD-DD4642240F9F}.AppStore|iPhoneSimulator.Build.0 = AppStore|iPhoneSimulator
		{F1D8CC3D-03C7-4780-B6AD-DD4642240F9F}.AppStore|iPhoneSimulator.Deploy.0 = AppStore|iPhoneSimulator
		{F1D8CC3D-03C7-4780-B6AD-DD4642240F9F}.AppStore|x64.ActiveCfg = AppStore|iPhone
		{F1D8CC3D-03C7-4780-B6AD-DD4642240F9F}.AppStore|x64.Build.0 = AppStore|iPhone
		{F1D8CC3D-03C7-4780-B6AD-DD4642240F9F}.AppStore|x64.Deploy.0 = AppStore|iPhone
		{F1D8CC3D-03C7-4780-B6AD-DD4642240F9F}.AppStore|x86.ActiveCfg = AppStore|iPhone
		{F1D8CC3D-03C7-4780-B6AD-DD4642240F9F}.AppStore|x86.Build.0 = AppStore|iPhone
		{F1D8CC3D-03C7-4780-B6AD-DD4642240F9F}.AppStore|x86.Deploy.0 = AppStore|iPhone
		{F1D8CC3D-03C7-4780-B6AD-DD4642240F9F}.Debug|Any CPU.ActiveCfg = Debug|iPhoneSimulator
		{F1D8CC3D-03C7-4780-B6AD-DD4642240F9F}.Debug|Any CPU.Build.0 = Debug|iPhoneSimulator
		{F1D8CC3D-03C7-4780-B6AD-DD4642240F9F}.Debug|Any CPU.Deploy.0 = Debug|iPhoneSimulator
		{F1D8CC3D-03C7-4780-B6AD-DD4642240F9F}.Debug|ARM.ActiveCfg = Debug|iPhone
		{F1D8CC3D-03C7-4780-B6AD-DD4642240F9F}.Debug|ARM.Build.0 = Debug|iPhone
		{F1D8CC3D-03C7-4780-B6AD-DD4642240F9F}.Debug|ARM.Deploy.0 = Debug|iPhone
		{F1D8CC3D-03C7-4780-B6AD-DD4642240F9F}.Debug|iPhone.ActiveCfg = Debug|iPhone
		{F1D8CC3D-03C7-4780-B6AD-DD4642240F9F}.Debug|iPhone.Build.0 = Debug|iPhone
		{F1D8CC3D-03C7-4780-B6AD-DD4642240F9F}.Debug|iPhone.Deploy.0 = Debug|iPhone
		{F1D8CC3D-03C7-4780-B6AD-DD4642240F9F}.Debug|iPhoneSimulator.ActiveCfg = Debug|iPhoneSimulator
		{F1D8CC3D-03C7-4780-B6AD-DD4642240F9F}.Debug|iPhoneSimulator.Build.0 = Debug|iPhoneSimulator
		{F1D8CC3D-03C7-4780-B6AD-DD4642240F9F}.Debug|iPhoneSimulator.Deploy.0 = Debug|iPhoneSimulator
		{F1D8CC3D-03C7-4780-B6AD-DD4642240F9F}.Debug|x64.ActiveCfg = Debug|iPhone
		{F1D8CC3D-03C7-4780-B6AD-DD4642240F9F}.Debug|x64.Build.0 = Debug|iPhone
		{F1D8CC3D-03C7-4780-B6AD-DD4642240F9F}.Debug|x64.Deploy.0 = Debug|iPhone
		{F1D8CC3D-03C7-4780-B6AD-DD4642240F9F}.Debug|x86.ActiveCfg = Debug|iPhone
		{F1D8CC3D-03C7-4780-B6AD-DD4642240F9F}.Debug|x86.Build.0 = Debug|iPhone
		{F1D8CC3D-03C7-4780-B6AD-DD4642240F9F}.Debug|x86.Deploy.0 = Debug|iPhone
		{F1D8CC3D-03C7-4780-B6AD-DD4642240F9F}.Release|Any CPU.ActiveCfg = Release|iPhone
		{F1D8CC3D-03C7-4780-B6AD-DD4642240F9F}.Release|Any CPU.Build.0 = Release|iPhone
		{F1D8CC3D-03C7-4780-B6AD-DD4642240F9F}.Release|Any CPU.Deploy.0 = Release|iPhone
		{F1D8CC3D-03C7-4780-B6AD-DD4642240F9F}.Release|ARM.ActiveCfg = Release|iPhone
		{F1D8CC3D-03C7-4780-B6AD-DD4642240F9F}.Release|ARM.Build.0 = Release|iPhone
		{F1D8CC3D-03C7-4780-B6AD-DD4642240F9F}.Release|ARM.Deploy.0 = Release|iPhone
		{F1D8CC3D-03C7-4780-B6AD-DD4642240F9F}.Release|iPhone.ActiveCfg = Release|iPhone
		{F1D8CC3D-03C7-4780-B6AD-DD4642240F9F}.Release|iPhone.Build.0 = Release|iPhone
		{F1D8CC3D-03C7-4780-B6AD-DD4642240F9F}.Release|iPhone.Deploy.0 = Release|iPhone
		{F1D8CC3D-03C7-4780-B6AD-DD4642240F9F}.Release|iPhoneSimulator.ActiveCfg = Release|iPhoneSimulator
		{F1D8CC3D-03C7-4780-B6AD-DD4642240F9F}.Release|iPhoneSimulator.Build.0 = Release|iPhoneSimulator
		{F1D8CC3D-03C7-4780-B6AD-DD4642240F9F}.Release|iPhoneSimulator.Deploy.0 = Release|iPhoneSimulator
		{F1D8CC3D-03C7-4780-B6AD-DD4642240F9F}.Release|x64.ActiveCfg = Release|iPhone
		{F1D8CC3D-03C7-4780-B6AD-DD4642240F9F}.Release|x64.Build.0 = Release|iPhone
		{F1D8CC3D-03C7-4780-B6AD-DD4642240F9F}.Release|x64.Deploy.0 = Release|iPhone
		{F1D8CC3D-03C7-4780-B6AD-DD4642240F9F}.Release|x86.ActiveCfg = Release|iPhone
		{F1D8CC3D-03C7-4780-B6AD-DD4642240F9F}.Release|x86.Build.0 = Release|iPhone
		{F1D8CC3D-03C7-4780-B6AD-DD4642240F9F}.Release|x86.Deploy.0 = Release|iPhone
		{1BE9037C-572B-4E77-8EE9-2A7B30C8C47A}.Ad-Hoc|Any CPU.ActiveCfg = Release|x86
		{1BE9037C-572B-4E77-8EE9-2A7B30C8C47A}.Ad-Hoc|Any CPU.Build.0 = Release|x86
		{1BE9037C-572B-4E77-8EE9-2A7B30C8C47A}.Ad-Hoc|Any CPU.Deploy.0 = Release|x86
		{1BE9037C-572B-4E77-8EE9-2A7B30C8C47A}.Ad-Hoc|ARM.ActiveCfg = Release|ARM
		{1BE9037C-572B-4E77-8EE9-2A7B30C8C47A}.Ad-Hoc|ARM.Build.0 = Release|ARM
		{1BE9037C-572B-4E77-8EE9-2A7B30C8C47A}.Ad-Hoc|ARM.Deploy.0 = Release|ARM
		{1BE9037C-572B-4E77-8EE9-2A7B30C8C47A}.Ad-Hoc|iPhone.ActiveCfg = Release|x86
		{1BE9037C-572B-4E77-8EE9-2A7B30C8C47A}.Ad-Hoc|iPhone.Build.0 = Release|x86
		{1BE9037C-572B-4E77-8EE9-2A7B30C8C47A}.Ad-Hoc|iPhone.Deploy.0 = Release|x86
		{1BE9037C-572B-4E77-8EE9-2A7B30C8C47A}.Ad-Hoc|iPhoneSimulator.ActiveCfg = Release|x86
		{1BE9037C-572B-4E77-8EE9-2A7B30C8C47A}.Ad-Hoc|iPhoneSimulator.Build.0 = Release|x86
		{1BE9037C-572B-4E77-8EE9-2A7B30C8C47A}.Ad-Hoc|iPhoneSimulator.Deploy.0 = Release|x86
		{1BE9037C-572B-4E77-8EE9-2A7B30C8C47A}.Ad-Hoc|x64.ActiveCfg = Release|x64
		{1BE9037C-572B-4E77-8EE9-2A7B30C8C47A}.Ad-Hoc|x64.Build.0 = Release|x64
		{1BE9037C-572B-4E77-8EE9-2A7B30C8C47A}.Ad-Hoc|x64.Deploy.0 = Release|x64
		{1BE9037C-572B-4E77-8EE9-2A7B30C8C47A}.Ad-Hoc|x86.ActiveCfg = Release|x86
		{1BE9037C-572B-4E77-8EE9-2A7B30C8C47A}.Ad-Hoc|x86.Build.0 = Release|x86
		{1BE9037C-572B-4E77-8EE9-2A7B30C8C47A}.Ad-Hoc|x86.Deploy.0 = Release|x86
		{1BE9037C-572B-4E77-8EE9-2A7B30C8C47A}.AppStore|Any CPU.ActiveCfg = Release|x86
		{1BE9037C-572B-4E77-8EE9-2A7B30C8C47A}.AppStore|Any CPU.Build.0 = Release|x86
		{1BE9037C-572B-4E77-8EE9-2A7B30C8C47A}.AppStore|Any CPU.Deploy.0 = Release|x86
		{1BE9037C-572B-4E77-8EE9-2A7B30C8C47A}.AppStore|ARM.ActiveCfg = Release|ARM
		{1BE9037C-572B-4E77-8EE9-2A7B30C8C47A}.AppStore|ARM.Build.0 = Release|ARM
		{1BE9037C-572B-4E77-8EE9-2A7B30C8C47A}.AppStore|ARM.Deploy.0 = Release|ARM
		{1BE9037C-572B-4E77-8EE9-2A7B30C8C47A}.AppStore|iPhone.ActiveCfg = Release|x86
		{1BE9037C-572B-4E77-8EE9-2A7B30C8C47A}.AppStore|iPhone.Build.0 = Release|x86
		{1BE9037C-572B-4E77-8EE9-2A7B30C8C47A}.AppStore|iPhone.Deploy.0 = Release|x86
		{1BE9037C-572B-4E77-8EE9-2A7B30C8C47A}.AppStore|iPhoneSimulator.ActiveCfg = Release|x86
		{1BE9037C-572B-4E77-8EE9-2A7B30C8C47A}.AppStore|iPhoneSimulator.Build.0 = Release|x86
		{1BE9037C-572B-4E77-8EE9-2A7B30C8C47A}.AppStore|iPhoneSimulator.Deploy.0 = Release|x86
		{1BE9037C-572B-4E77-8EE9-2A7B30C8C47A}.AppStore|x64.ActiveCfg = Release|x64
		{1BE9037C-572B-4E77-8EE9-2A7B30C8C47A}.AppStore|x64.Build.0 = Release|x64
		{1BE9037C-572B-4E77-8EE9-2A7B30C8C47A}.AppStore|x64.Deploy.0 = Release|x64
		{1BE9037C-572B-4E77-8EE9-2A7B30C8C47A}.AppStore|x86.ActiveCfg = Release|x86
		{1BE9037C-572B-4E77-8EE9-2A7B30C8C47A}.AppStore|x86.Build.0 = Release|x86
		{1BE9037C-572B-4E77-8EE9-2A7B30C8C47A}.AppStore|x86.Deploy.0 = Release|x86
		{1BE9037C-572B-4E77-8EE9-2A7B30C8C47A}.Debug|Any CPU.ActiveCfg = Debug|x86
		{1BE9037C-572B-4E77-8EE9-2A7B30C8C47A}.Debug|Any CPU.Build.0 = Debug|x86
		{1BE9037C-572B-4E77-8EE9-2A7B30C8C47A}.Debug|Any CPU.Deploy.0 = Debug|x86
		{1BE9037C-572B-4E77-8EE9-2A7B30C8C47A}.Debug|ARM.ActiveCfg = Debug|ARM
		{1BE9037C-572B-4E77-8EE9-2A7B30C8C47A}.Debug|ARM.Build.0 = Debug|ARM
		{1BE9037C-572B-4E77-8EE9-2A7B30C8C47A}.Debug|ARM.Deploy.0 = Debug|ARM
		{1BE9037C-572B-4E77-8EE9-2A7B30C8C47A}.Debug|iPhone.ActiveCfg = Debug|x86
		{1BE9037C-572B-4E77-8EE9-2A7B30C8C47A}.Debug|iPhone.Build.0 = Debug|x86
		{1BE9037C-572B-4E77-8EE9-2A7B30C8C47A}.Debug|iPhone.Deploy.0 = Debug|x86
		{1BE9037C-572B-4E77-8EE9-2A7B30C8C47A}.Debug|iPhoneSimulator.ActiveCfg = Debug|x86
		{1BE9037C-572B-4E77-8EE9-2A7B30C8C47A}.Debug|iPhoneSimulator.Build.0 = Debug|x86
		{1BE9037C-572B-4E77-8EE9-2A7B30C8C47A}.Debug|iPhoneSimulator.Deploy.0 = Debug|x86
		{1BE9037C-572B-4E77-8EE9-2A7B30C8C47A}.Debug|x64.ActiveCfg = Debug|x64
		{1BE9037C-572B-4E77-8EE9-2A7B30C8C47A}.Debug|x64.Build.0 = Debug|x64
		{1BE9037C-572B-4E77-8EE9-2A7B30C8C47A}.Debug|x64.Deploy.0 = Debug|x64
		{1BE9037C-572B-4E77-8EE9-2A7B30C8C47A}.Debug|x86.ActiveCfg = Debug|x86
		{1BE9037C-572B-4E77-8EE9-2A7B30C8C47A}.Debug|x86.Build.0 = Debug|x86
		{1BE9037C-572B-4E77-8EE9-2A7B30C8C47A}.Debug|x86.Deploy.0 = Debug|x86
		{1BE9037C-572B-4E77-8EE9-2A7B30C8C47A}.Release|Any CPU.ActiveCfg = Release|x86
		{1BE9037C-572B-4E77-8EE9-2A7B30C8C47A}.Release|Any CPU.Build.0 = Release|x86
		{1BE9037C-572B-4E77-8EE9-2A7B30C8C47A}.Release|Any CPU.Deploy.0 = Release|x86
		{1BE9037C-572B-4E77-8EE9-2A7B30C8C47A}.Release|ARM.ActiveCfg = Release|ARM
		{1BE9037C-572B-4E77-8EE9-2A7B30C8C47A}.Release|ARM.Build.0 = Release|ARM
		{1BE9037C-572B-4E77-8EE9-2A7B30C8C47A}.Release|ARM.Deploy.0 = Release|ARM
		{1BE9037C-572B-4E77-8EE9-2A7B30C8C47A}.Release|iPhone.ActiveCfg = Release|x86
		{1BE9037C-572B-4E77-8EE9-2A7B30C8C47A}.Release|iPhone.Build.0 = Release|x86
		{1BE9037C-572B-4E77-8EE9-2A7B30C8C47A}.Release|iPhone.Deploy.0 = Release|x86
		{1BE9037C-572B-4E77-8EE9-2A7B30C8C47A}.Release|iPhoneSimulator.ActiveCfg = Release|x86
		{1BE9037C-572B-4E77-8EE9-2A7B30C8C47A}.Release|iPhoneSimulator.Build.0 = Release|x86
		{1BE9037C-572B-4E77-8EE9-2A7B30C8C47A}.Release|iPhoneSimulator.Deploy.0 = Release|x86
		{1BE9037C-572B-4E77-8EE9-2A7B30C8C47A}.Release|x64.ActiveCfg = Release|x64
		{1BE9037C-572B-4E77-8EE9-2A7B30C8C47A}.Release|x64.Build.0 = Release|x64
		{1BE9037C-572B-4E77-8EE9-2A7B30C8C47A}.Release|x64.Deploy.0 = Release|x64
		{1BE9037C-572B-4E77-8EE9-2A7B30C8C47A}.Release|x86.ActiveCfg = Release|x86
		{1BE9037C-572B-4E77-8EE9-2A7B30C8C47A}.Release|x86.Build.0 = Release|x86
		{1BE9037C-572B-4E77-8EE9-2A7B30C8C47A}.Release|x86.Deploy.0 = Release|x86
		{C22108BE-45B3-49C3-BABA-7B10F914E75A}.Ad-Hoc|Any CPU.ActiveCfg = Debug|Any CPU
		{C22108BE-45B3-49C3-BABA-7B10F914E75A}.Ad-Hoc|Any CPU.Build.0 = Debug|Any CPU
		{C22108BE-45B3-49C3-BABA-7B10F914E75A}.Ad-Hoc|Any CPU.Deploy.0 = Debug|Any CPU
		{C22108BE-45B3-49C3-BABA-7B10F914E75A}.Ad-Hoc|ARM.ActiveCfg = Debug|Any CPU
		{C22108BE-45B3-49C3-BABA-7B10F914E75A}.Ad-Hoc|ARM.Build.0 = Debug|Any CPU
		{C22108BE-45B3-49C3-BABA-7B10F914E75A}.Ad-Hoc|ARM.Deploy.0 = Debug|Any CPU
		{C22108BE-45B3-49C3-BABA-7B10F914E75A}.Ad-Hoc|iPhone.ActiveCfg = Debug|Any CPU
		{C22108BE-45B3-49C3-BABA-7B10F914E75A}.Ad-Hoc|iPhone.Build.0 = Debug|Any CPU
		{C22108BE-45B3-49C3-BABA-7B10F914E75A}.Ad-Hoc|iPhone.Deploy.0 = Debug|Any CPU
		{C22108BE-45B3-49C3-BABA-7B10F914E75A}.Ad-Hoc|iPhoneSimulator.ActiveCfg = Debug|Any CPU
		{C22108BE-45B3-49C3-BABA-7B10F914E75A}.Ad-Hoc|iPhoneSimulator.Build.0 = Debug|Any CPU
		{C22108BE-45B3-49C3-BABA-7B10F914E75A}.Ad-Hoc|iPhoneSimulator.Deploy.0 = Debug|Any CPU
		{C22108BE-45B3-49C3-BABA-7B10F914E75A}.Ad-Hoc|x64.ActiveCfg = Debug|Any CPU
		{C22108BE-45B3-49C3-BABA-7B10F914E75A}.Ad-Hoc|x64.Build.0 = Debug|Any CPU
		{C22108BE-45B3-49C3-BABA-7B10F914E75A}.Ad-Hoc|x64.Deploy.0 = Debug|Any CPU
		{C22108BE-45B3-49C3-BABA-7B10F914E75A}.Ad-Hoc|x86.ActiveCfg = Debug|Any CPU
		{C22108BE-45B3-49C3-BABA-7B10F914E75A}.Ad-Hoc|x86.Build.0 = Debug|Any CPU
		{C22108BE-45B3-49C3-BABA-7B10F914E75A}.Ad-Hoc|x86.Deploy.0 = Debug|Any CPU
		{C22108BE-45B3-49C3-BABA-7B10F914E75A}.AppStore|Any CPU.ActiveCfg = Debug|Any CPU
		{C22108BE-45B3-49C3-BABA-7B10F914E75A}.AppStore|Any CPU.Build.0 = Debug|Any CPU
		{C22108BE-45B3-49C3-BABA-7B10F914E75A}.AppStore|Any CPU.Deploy.0 = Debug|Any CPU
		{C22108BE-45B3-49C3-BABA-7B10F914E75A}.AppStore|ARM.ActiveCfg = Debug|Any CPU
		{C22108BE-45B3-49C3-BABA-7B10F914E75A}.AppStore|ARM.Build.0 = Debug|Any CPU
		{C22108BE-45B3-49C3-BABA-7B10F914E75A}.AppStore|ARM.Deploy.0 = Debug|Any CPU
		{C22108BE-45B3-49C3-BABA-7B10F914E75A}.AppStore|iPhone.ActiveCfg = Debug|Any CPU
		{C22108BE-45B3-49C3-BABA-7B10F914E75A}.AppStore|iPhone.Build.0 = Debug|Any CPU
		{C22108BE-45B3-49C3-BABA-7B10F914E75A}.AppStore|iPhone.Deploy.0 = Debug|Any CPU
		{C22108BE-45B3-49C3-BABA-7B10F914E75A}.AppStore|iPhoneSimulator.ActiveCfg = Debug|Any CPU
		{C22108BE-45B3-49C3-BABA-7B10F914E75A}.AppStore|iPhoneSimulator.Build.0 = Debug|Any CPU
		{C22108BE-45B3-49C3-BABA-7B10F914E75A}.AppStore|iPhoneSimulator.Deploy.0 = Debug|Any CPU
		{C22108BE-45B3-49C3-BABA-7B10F914E75A}.AppStore|x64.ActiveCfg = Debug|Any CPU
		{C22108BE-45B3-49C3-BABA-7B10F914E75A}.AppStore|x64.Build.0 = Debug|Any CPU
		{C22108BE-45B3-49C3-BABA-7B10F914E75A}.AppStore|x64.Deploy.0 = Debug|Any CPU
		{C22108BE-45B3-49C3-BABA-7B10F914E75A}.AppStore|x86.ActiveCfg = Debug|Any CPU
		{C22108BE-45B3-49C3-BABA-7B10F914E75A}.AppStore|x86.Build.0 = Debug|Any CPU
		{C22108BE-45B3-49C3-BABA-7B10F914E75A}.AppStore|x86.Deploy.0 = Debug|Any CPU
		{C22108BE-45B3-49C3-BABA-7B10F914E75A}.Debug|Any CPU.ActiveCfg = Debug|Any CPU
		{C22108BE-45B3-49C3-BABA-7B10F914E75A}.Debug|Any CPU.Build.0 = Debug|Any CPU
		{C22108BE-45B3-49C3-BABA-7B10F914E75A}.Debug|Any CPU.Deploy.0 = Debug|Any CPU
		{C22108BE-45B3-49C3-BABA-7B10F914E75A}.Debug|ARM.ActiveCfg = Debug|Any CPU
		{C22108BE-45B3-49C3-BABA-7B10F914E75A}.Debug|ARM.Build.0 = Debug|Any CPU
		{C22108BE-45B3-49C3-BABA-7B10F914E75A}.Debug|ARM.Deploy.0 = Debug|Any CPU
		{C22108BE-45B3-49C3-BABA-7B10F914E75A}.Debug|iPhone.ActiveCfg = Debug|Any CPU
		{C22108BE-45B3-49C3-BABA-7B10F914E75A}.Debug|iPhone.Build.0 = Debug|Any CPU
		{C22108BE-45B3-49C3-BABA-7B10F914E75A}.Debug|iPhone.Deploy.0 = Debug|Any CPU
		{C22108BE-45B3-49C3-BABA-7B10F914E75A}.Debug|iPhoneSimulator.ActiveCfg = Debug|Any CPU
		{C22108BE-45B3-49C3-BABA-7B10F914E75A}.Debug|iPhoneSimulator.Build.0 = Debug|Any CPU
		{C22108BE-45B3-49C3-BABA-7B10F914E75A}.Debug|iPhoneSimulator.Deploy.0 = Debug|Any CPU
		{C22108BE-45B3-49C3-BABA-7B10F914E75A}.Debug|x64.ActiveCfg = Debug|Any CPU
		{C22108BE-45B3-49C3-BABA-7B10F914E75A}.Debug|x64.Build.0 = Debug|Any CPU
		{C22108BE-45B3-49C3-BABA-7B10F914E75A}.Debug|x64.Deploy.0 = Debug|Any CPU
		{C22108BE-45B3-49C3-BABA-7B10F914E75A}.Debug|x86.ActiveCfg = Debug|Any CPU
		{C22108BE-45B3-49C3-BABA-7B10F914E75A}.Debug|x86.Build.0 = Debug|Any CPU
		{C22108BE-45B3-49C3-BABA-7B10F914E75A}.Debug|x86.Deploy.0 = Debug|Any CPU
		{C22108BE-45B3-49C3-BABA-7B10F914E75A}.Release|Any CPU.ActiveCfg = Release|Any CPU
		{C22108BE-45B3-49C3-BABA-7B10F914E75A}.Release|Any CPU.Build.0 = Release|Any CPU
		{C22108BE-45B3-49C3-BABA-7B10F914E75A}.Release|Any CPU.Deploy.0 = Release|Any CPU
		{C22108BE-45B3-49C3-BABA-7B10F914E75A}.Release|ARM.ActiveCfg = Release|Any CPU
		{C22108BE-45B3-49C3-BABA-7B10F914E75A}.Release|ARM.Build.0 = Release|Any CPU
		{C22108BE-45B3-49C3-BABA-7B10F914E75A}.Release|ARM.Deploy.0 = Release|Any CPU
		{C22108BE-45B3-49C3-BABA-7B10F914E75A}.Release|iPhone.ActiveCfg = Release|Any CPU
		{C22108BE-45B3-49C3-BABA-7B10F914E75A}.Release|iPhone.Build.0 = Release|Any CPU
		{C22108BE-45B3-49C3-BABA-7B10F914E75A}.Release|iPhone.Deploy.0 = Release|Any CPU
		{C22108BE-45B3-49C3-BABA-7B10F914E75A}.Release|iPhoneSimulator.ActiveCfg = Release|Any CPU
		{C22108BE-45B3-49C3-BABA-7B10F914E75A}.Release|iPhoneSimulator.Build.0 = Release|Any CPU
		{C22108BE-45B3-49C3-BABA-7B10F914E75A}.Release|iPhoneSimulator.Deploy.0 = Release|Any CPU
		{C22108BE-45B3-49C3-BABA-7B10F914E75A}.Release|x64.ActiveCfg = Release|Any CPU
		{C22108BE-45B3-49C3-BABA-7B10F914E75A}.Release|x64.Build.0 = Release|Any CPU
		{C22108BE-45B3-49C3-BABA-7B10F914E75A}.Release|x64.Deploy.0 = Release|Any CPU
		{C22108BE-45B3-49C3-BABA-7B10F914E75A}.Release|x86.ActiveCfg = Release|Any CPU
		{C22108BE-45B3-49C3-BABA-7B10F914E75A}.Release|x86.Build.0 = Release|Any CPU
		{C22108BE-45B3-49C3-BABA-7B10F914E75A}.Release|x86.Deploy.0 = Release|Any CPU
	EndGlobalSection
	GlobalSection(SolutionProperties) = preSolution
		HideSolutionNode = FALSE
	EndGlobalSection
	GlobalSection(ExtensibilityGlobals) = postSolution
		SolutionGuid = {3FAE52F9-5A25-4FC1-859D-5EC18BB32536}
	EndGlobalSection
EndGlobal
